
Microsoft Visual Studio Solution File, Format Version 12.00
# Visual Studio Version 16
VisualStudioVersion = 16.0.31112.23
MinimumVisualStudioVersion = 10.0.40219.1
Project("{8BC9CEB8-8B4A-11D0-8D11-00A0C91BC942}") = "1316", "1316\1316.vcxproj", "{B155B713-F63B-4763-8751-9DF72245E91E}"
EndProject
Global
	GlobalSection(SolutionConfigurationPlatforms) = preSolution
		Debug|x64 = Debug|x64
		Debug|x86 = Debug|x86
		Release|x64 = Release|x64
		Release|x86 = Release|x86
	EndGlobalSection
	GlobalSection(ProjectConfigurationPlatforms) = postSolution
		{B155B713-F63B-4763-8751-9DF72245E91E}.Debug|x64.ActiveCfg = Debug|x64
		{B155B713-F63B-4763-8751-9DF72245E91E}.Debug|x64.Build.0 = Debug|x64
		{B155B713-F63B-4763-8751-9DF72245E91E}.Debug|x86.ActiveCfg = Debug|Win32
		{B155B713-F63B-4763-8751-9DF72245E91E}.Debug|x86.Build.0 = Debug|Win32
		{B155B713-F63B-4763-8751-9DF72245E91E}.Release|x64.ActiveCfg = Release|x64
		{B155B713-F63B-4763-8751-9DF72245E91E}.Release|x64.Build.0 = Release|x64
		{B155B713-F63B-4763-8751-9DF72245E91E}.Release|x86.ActiveCfg = Release|Win32
		{B155B713-F63B-4763-8751-9DF72245E91E}.Release|x86.Build.0 = Release|Win32
	EndGlobalSection
	GlobalSection(SolutionProperties) = preSolution
		HideSolutionNode = FALSE
	EndGlobalSection
	GlobalSection(ExtensibilityGlobals) = postSolution
		SolutionGuid = {9BD699AA-1DEA-406C-823B-1E62AAA2B73B}
	EndGlobalSection
EndGlobal
